
Microsoft Visual Studio Solution File, Format Version 12.00
# Visual Studio Version 17
VisualStudioVersion = 17.8.34316.72
MinimumVisualStudioVersion = 10.0.40219.1
Project("{9A19103F-16F7-4668-BE54-9A1E7A4F7556}") = "Acesso a datos", "Acesso a datos\Acesso a datos.csproj", "{66706B5E-1BFF-4681-A3BD-BA87F3DE12D7}"
EndProject
Project("{FAE04EC0-301F-11D3-BF4B-00C04F79EFBC}") = "APIConferencia", "APIConferencia\APIConferencia.csproj", "{3001A0F6-8474-41CD-855F-1B694AA45555}"
EndProject
Global
	GlobalSection(SolutionConfigurationPlatforms) = preSolution
		Debug|Any CPU = Debug|Any CPU
		Release|Any CPU = Release|Any CPU
	EndGlobalSection
	GlobalSection(ProjectConfigurationPlatforms) = postSolution
		{66706B5E-1BFF-4681-A3BD-BA87F3DE12D7}.Debug|Any CPU.ActiveCfg = Debug|Any CPU
		{66706B5E-1BFF-4681-A3BD-BA87F3DE12D7}.Debug|Any CPU.Build.0 = Debug|Any CPU
		{66706B5E-1BFF-4681-A3BD-BA87F3DE12D7}.Release|Any CPU.ActiveCfg = Release|Any CPU
		{66706B5E-1BFF-4681-A3BD-BA87F3DE12D7}.Release|Any CPU.Build.0 = Release|Any CPU
		{3001A0F6-8474-41CD-855F-1B694AA45555}.Debug|Any CPU.ActiveCfg = Debug|Any CPU
		{3001A0F6-8474-41CD-855F-1B694AA45555}.Debug|Any CPU.Build.0 = Debug|Any CPU
		{3001A0F6-8474-41CD-855F-1B694AA45555}.Release|Any CPU.ActiveCfg = Release|Any CPU
		{3001A0F6-8474-41CD-855F-1B694AA45555}.Release|Any CPU.Build.0 = Release|Any CPU
	EndGlobalSection
	GlobalSection(SolutionProperties) = preSolution
		HideSolutionNode = FALSE
	EndGlobalSection
	GlobalSection(ExtensibilityGlobals) = postSolution
		SolutionGuid = {1EE3B859-BF40-4197-89D6-535EC7009A68}
	EndGlobalSection
EndGlobal
